
Microsoft Visual Studio Solution File, Format Version 12.00
# Visual Studio Version 17
VisualStudioVersion = 17.5.002.0
MinimumVisualStudioVersion = 10.0.40219.1
Project("{9A19103F-16F7-4668-BE54-9A1E7A4F7556}") = "Suzuki.Site", "Suzuki.Site.csproj", "{E7CE7C5E-815F-4C1F-98E8-D794252ECF3F}"
EndProject
Global
	GlobalSection(SolutionConfigurationPlatforms) = preSolution
		Debug|Any CPU = Debug|Any CPU
		Release|Any CPU = Release|Any CPU
	EndGlobalSection
	GlobalSection(ProjectConfigurationPlatforms) = postSolution
		{E7CE7C5E-815F-4C1F-98E8-D794252ECF3F}.Debug|Any CPU.ActiveCfg = Debug|Any CPU
		{E7CE7C5E-815F-4C1F-98E8-D794252ECF3F}.Debug|Any CPU.Build.0 = Debug|Any CPU
		{E7CE7C5E-815F-4C1F-98E8-D794252ECF3F}.Release|Any CPU.ActiveCfg = Release|Any CPU
		{E7CE7C5E-815F-4C1F-98E8-D794252ECF3F}.Release|Any CPU.Build.0 = Release|Any CPU
	EndGlobalSection
	GlobalSection(SolutionProperties) = preSolution
		HideSolutionNode = FALSE
	EndGlobalSection
	GlobalSection(ExtensibilityGlobals) = postSolution
		SolutionGuid = {5733AA54-5A14-4E1B-B54A-B6E130D02063}
	EndGlobalSection
EndGlobal
